{
    "_readme": [
        "This file locks the dependencies of your project to a known state",
        "Read more about it at https://getcomposer.org/doc/01-basic-usage.md#composer-lock-the-lock-file",
        "This file is @generated automatically"
    ],
    "hash": "f65ee7ebebdca86a284acb91297c5a2a",
    "content-hash": "ab8e2963c9a97f29c9c57f30a578f1a0",
    "packages": [
        {
            "name": "phpreboot/stopwatch",
            "version": "v1.0.2",
            "source": {
                "type": "git",
                "url": "https://github.com/phpreboot/stopwatch.git",
                "reference": "09e53d2202fbc8f4833fb3f9c0eda4ffd62dbf52"
            },
            "dist": {
                "type": "zip",
                "url": "https://api.github.com/repos/phpreboot/stopwatch/zipball/09e53d2202fbc8f4833fb3f9c0eda4ffd62dbf52",
                "reference": "09e53d2202fbc8f4833fb3f9c0eda4ffd62dbf52",
                "shasum": ""
            },
            "require-dev": {
                "codeclimate/php-test-reporter": "dev-master",
                "phpunit/phpunit": "~4.8"
            },
            "type": "library",
            "autoload": {
                "psr-4": {
                    "Phpreboot\\": "src/Phpreboot"
                }
            },
            "notification-url": "https://packagist.org/downloads/",
            "license": [
                "MIT"
            ],
            "authors": [
                {
                    "name": "kapilsharma",
                    "email": "kapil@kapilsharma.info",
                    "homepage": "http://blog.kapilsharma.info",
                    "role": "Developer"
                }
            ],
            "description": "PHP utility library for Stopwatch. Useful for optimization and other purpose.",
            "keywords": [
                "stopwatch",
                "timer"
            ],
            "time": "2016-06-11 10:17:59"
        }
    ],
    "packages-dev": [],
    "aliases": [],
    "minimum-stability": "stable",
    "stability-flags": [],
    "prefer-stable": false,
    "prefer-lowest": false,
    "platform": [],
    "platform-dev": []
}
